
Microsoft Visual Studio Solution File, Format Version 12.00
# Visual Studio Version 17
VisualStudioVersion = 17.6.33927.249
MinimumVisualStudioVersion = 10.0.40219.1
Project("{9A19103F-16F7-4668-BE54-9A1E7A4F7556}") = "BackendApiHost", "BackendApiHost\BackendApiHost.csproj", "{1BCD621D-2E02-4D85-BE7F-41F7C8019002}"
EndProject
Project("{9A19103F-16F7-4668-BE54-9A1E7A4F7556}") = "FrontEndHost", "FrontendHost\FrontEndHost.csproj", "{C819C559-0A0F-48AD-AD05-B58859A3DF51}"
EndProject
Project("{9A19103F-16F7-4668-BE54-9A1E7A4F7556}") = "DataAccessLib", "DataAccessLib\DataAccessLib.csproj", "{9D40FDA6-42F2-4A20-B5B4-660A0086B12B}"
EndProject
Project("{2150E333-8FDC-42A3-9474-1A3956D46DE8}") = "Solution Items", "Solution Items", "{CE2658AC-220A-45D5-B1C1-BB64FCC29AC9}"
	ProjectSection(SolutionItems) = preProject
		docker-compose.yml = docker-compose.yml
		Dockerfile-db = Dockerfile-db
		Dockerfile-nlb-yarp = Dockerfile-nlb-yarp
		Dockerfile-webapp = Dockerfile-webapp
	EndProjectSection
EndProject
Project("{9A19103F-16F7-4668-BE54-9A1E7A4F7556}") = "NlbProxy", "NlbProxy\NlbProxy.csproj", "{37609E6E-1C4C-4452-BC5B-37FCABF26924}"
EndProject
Project("{9A19103F-16F7-4668-BE54-9A1E7A4F7556}") = "FrontEndHost2", "FrontendHost2\FrontEndHost2.csproj", "{8B20A006-39AC-4D38-AA48-18F89D9A3E4C}"
EndProject
Global
	GlobalSection(SolutionConfigurationPlatforms) = preSolution
		Debug|Any CPU = Debug|Any CPU
		Release|Any CPU = Release|Any CPU
	EndGlobalSection
	GlobalSection(ProjectConfigurationPlatforms) = postSolution
		{1BCD621D-2E02-4D85-BE7F-41F7C8019002}.Debug|Any CPU.ActiveCfg = Debug|Any CPU
		{1BCD621D-2E02-4D85-BE7F-41F7C8019002}.Debug|Any CPU.Build.0 = Debug|Any CPU
		{1BCD621D-2E02-4D85-BE7F-41F7C8019002}.Release|Any CPU.ActiveCfg = Release|Any CPU
		{1BCD621D-2E02-4D85-BE7F-41F7C8019002}.Release|Any CPU.Build.0 = Release|Any CPU
		{C819C559-0A0F-48AD-AD05-B58859A3DF51}.Debug|Any CPU.ActiveCfg = Debug|Any CPU
		{C819C559-0A0F-48AD-AD05-B58859A3DF51}.Debug|Any CPU.Build.0 = Debug|Any CPU
		{C819C559-0A0F-48AD-AD05-B58859A3DF51}.Release|Any CPU.ActiveCfg = Release|Any CPU
		{C819C559-0A0F-48AD-AD05-B58859A3DF51}.Release|Any CPU.Build.0 = Release|Any CPU
		{9D40FDA6-42F2-4A20-B5B4-660A0086B12B}.Debug|Any CPU.ActiveCfg = Debug|Any CPU
		{9D40FDA6-42F2-4A20-B5B4-660A0086B12B}.Debug|Any CPU.Build.0 = Debug|Any CPU
		{9D40FDA6-42F2-4A20-B5B4-660A0086B12B}.Release|Any CPU.ActiveCfg = Release|Any CPU
		{9D40FDA6-42F2-4A20-B5B4-660A0086B12B}.Release|Any CPU.Build.0 = Release|Any CPU
		{37609E6E-1C4C-4452-BC5B-37FCABF26924}.Debug|Any CPU.ActiveCfg = Debug|Any CPU
		{37609E6E-1C4C-4452-BC5B-37FCABF26924}.Debug|Any CPU.Build.0 = Debug|Any CPU
		{37609E6E-1C4C-4452-BC5B-37FCABF26924}.Release|Any CPU.ActiveCfg = Release|Any CPU
		{37609E6E-1C4C-4452-BC5B-37FCABF26924}.Release|Any CPU.Build.0 = Release|Any CPU
		{8B20A006-39AC-4D38-AA48-18F89D9A3E4C}.Debug|Any CPU.ActiveCfg = Debug|Any CPU
		{8B20A006-39AC-4D38-AA48-18F89D9A3E4C}.Debug|Any CPU.Build.0 = Debug|Any CPU
		{8B20A006-39AC-4D38-AA48-18F89D9A3E4C}.Release|Any CPU.ActiveCfg = Release|Any CPU
		{8B20A006-39AC-4D38-AA48-18F89D9A3E4C}.Release|Any CPU.Build.0 = Release|Any CPU
	EndGlobalSection
	GlobalSection(SolutionProperties) = preSolution
		HideSolutionNode = FALSE
	EndGlobalSection
	GlobalSection(ExtensibilityGlobals) = postSolution
		SolutionGuid = {7EF8E2F5-8213-45A7-A682-6597D9878439}
	EndGlobalSection
EndGlobal
